
Microsoft Visual Studio Solution File, Format Version 12.00
# Visual Studio Version 16
VisualStudioVersion = 16.0.29324.140
MinimumVisualStudioVersion = 10.0.40219.1
Project("{FAE04EC0-301F-11D3-BF4B-00C04F79EFBC}") = "Kongo", "Kongo\Kongo.csproj", "{A0B51767-6B38-4556-BA09-3D6F70B86D88}"
EndProject
Project("{9A19103F-16F7-4668-BE54-9A1E7A4F7556}") = "Kongo.Core", "Kongo.Core\Kongo.Core.csproj", "{EA733B9F-29C4-4BF8-AD68-46B940C72F0A}"
EndProject
Project("{9A19103F-16F7-4668-BE54-9A1E7A4F7556}") = "Kongo.Tests", "Kongo.Tests\Kongo.Tests.csproj", "{F9361A14-1E3C-4E00-8CA6-F049F860CAAE}"
EndProject
Global
	GlobalSection(SolutionConfigurationPlatforms) = preSolution
		Debug|Any CPU = Debug|Any CPU
		Release|Any CPU = Release|Any CPU
	EndGlobalSection
	GlobalSection(ProjectConfigurationPlatforms) = postSolution
		{A0B51767-6B38-4556-BA09-3D6F70B86D88}.Debug|Any CPU.ActiveCfg = Debug|Any CPU
		{A0B51767-6B38-4556-BA09-3D6F70B86D88}.Debug|Any CPU.Build.0 = Debug|Any CPU
		{A0B51767-6B38-4556-BA09-3D6F70B86D88}.Release|Any CPU.ActiveCfg = Release|Any CPU
		{A0B51767-6B38-4556-BA09-3D6F70B86D88}.Release|Any CPU.Build.0 = Release|Any CPU
		{EA733B9F-29C4-4BF8-AD68-46B940C72F0A}.Debug|Any CPU.ActiveCfg = Debug|Any CPU
		{EA733B9F-29C4-4BF8-AD68-46B940C72F0A}.Debug|Any CPU.Build.0 = Debug|Any CPU
		{EA733B9F-29C4-4BF8-AD68-46B940C72F0A}.Release|Any CPU.ActiveCfg = Release|Any CPU
		{EA733B9F-29C4-4BF8-AD68-46B940C72F0A}.Release|Any CPU.Build.0 = Release|Any CPU
		{F9361A14-1E3C-4E00-8CA6-F049F860CAAE}.Debug|Any CPU.ActiveCfg = Debug|Any CPU
		{F9361A14-1E3C-4E00-8CA6-F049F860CAAE}.Debug|Any CPU.Build.0 = Debug|Any CPU
		{F9361A14-1E3C-4E00-8CA6-F049F860CAAE}.Release|Any CPU.ActiveCfg = Release|Any CPU
		{F9361A14-1E3C-4E00-8CA6-F049F860CAAE}.Release|Any CPU.Build.0 = Release|Any CPU
	EndGlobalSection
	GlobalSection(SolutionProperties) = preSolution
		HideSolutionNode = FALSE
	EndGlobalSection
	GlobalSection(ExtensibilityGlobals) = postSolution
		SolutionGuid = {70EF2D96-DE25-466E-B15C-6591B84652FF}
	EndGlobalSection
EndGlobal
